{
	"name": "page",
	"lockfileVersion": 3,
	"requires": true,
	"packages": {
		"": {
			"name": "page",
			"dependencies": {
				"@acryps/page": "^1.2.0",
				"@acryps/page-default-directives": "^1.1.4",
				"@acryps/parcel-transformer-page": "^1.0.1",
				"@packtrack/layout": "^1.0.1",
				"@packtrack/train": "^1.0.0",
				"@types/node": "^20.11.9"
			}
		},
		"node_modules/@acryps/page": {
			"version": "1.4.4",
			"resolved": "https://registry.npmjs.org/@acryps/page/-/page-1.4.4.tgz",
			"integrity": "sha512-0gULL4pRnX2fgKpnf5dw521z5Qh0lwgf2q2C/JuytoE/JcVMxT3XVubM2wWcbX8KzseWG6bvlFz6PmT2zhrIaQ==",
			"dependencies": {
				"espree": "^9.3.2",
				"estraverse": "^5.3.0"
			},
			"bin": {
				"page": "bin/page.js"
			}
		},
		"node_modules/@acryps/page-default-directives": {
			"version": "1.1.5",
			"resolved": "https://registry.npmjs.org/@acryps/page-default-directives/-/page-default-directives-1.1.5.tgz",
			"integrity": "sha512-13enTcPOewC93GzAT6LAkY+LAfuEtIc2qLNOuV6VkBaCJEF5Eh+nyf/ziJSXUstMcblJfLTK8m7OJ87T/Nbz8g==",
			"peerDependencies": {
				"@acryps/page": "^1.0.2"
			}
		},
		"node_modules/@acryps/parcel-transformer-page": {
			"version": "1.0.1",
			"resolved": "https://registry.npmjs.org/@acryps/parcel-transformer-page/-/parcel-transformer-page-1.0.1.tgz",
			"integrity": "sha512-Z4fVISC+Vx8Da5D7nzhZuAdkWcXzJeusbKNzWks1Xv5WL5HEli2DwAoeKI1RbovvjD/NM7i3a+s2yaI6+TgCOQ==",
			"engines": {
				"parcel": "2.x"
			}
		},
		"node_modules/@packtrack/layout": {
			"version": "1.0.1",
			"resolved": "https://registry.npmjs.org/@packtrack/layout/-/layout-1.0.1.tgz",
			"integrity": "sha512-AIiYGZvnqAYbReRCkP8f5VdTm5gBg8P9fWH+R3SzY1JILJPofM9k1/2h2RpTym/4m6TVol1SSq++myWEIeUHLg=="
		},
		"node_modules/@packtrack/train": {
			"version": "1.0.0",
			"resolved": "https://registry.npmjs.org/@packtrack/train/-/train-1.0.0.tgz",
			"integrity": "sha512-HULbub3zTduXt8Dk0VFuLuxFulnHcPJ24ViKWIsVfPXBESe+q44PEteEP0aJt/l7vMzclMAnD/WQ3dHiKf/lsg=="
		},
		"node_modules/@types/node": {
			"version": "20.11.9",
			"resolved": "https://registry.npmjs.org/@types/node/-/node-20.11.9.tgz",
			"integrity": "sha512-CQXNuMoS/VcoAMISe5pm4JnEd1Br5jildbQEToEMQvutmv+EaQr90ry9raiudgpyDuqFiV9e4rnjSfLNq12M5w==",
			"dependencies": {
				"undici-types": "~5.26.4"
			}
		},
		"node_modules/acorn": {
			"version": "8.11.3",
			"resolved": "https://registry.npmjs.org/acorn/-/acorn-8.11.3.tgz",
			"integrity": "sha512-Y9rRfJG5jcKOE0CLisYbojUjIrIEE7AGMzA/Sm4BslANhbS+cDMpgBdcPT91oJ7OuJ9hYJBx59RjbhxVnrF8Xg==",
			"bin": {
				"acorn": "bin/acorn"
			},
			"engines": {
				"node": ">=0.4.0"
			}
		},
		"node_modules/acorn-jsx": {
			"version": "5.3.2",
			"resolved": "https://registry.npmjs.org/acorn-jsx/-/acorn-jsx-5.3.2.tgz",
			"integrity": "sha512-rq9s+JNhf0IChjtDXxllJ7g41oZk5SlXtp0LHwyA5cejwn7vKmKp4pPri6YEePv2PU65sAsegbXtIinmDFDXgQ==",
			"peerDependencies": {
				"acorn": "^6.0.0 || ^7.0.0 || ^8.0.0"
			}
		},
		"node_modules/eslint-visitor-keys": {
			"version": "3.4.3",
			"resolved": "https://registry.npmjs.org/eslint-visitor-keys/-/eslint-visitor-keys-3.4.3.tgz",
			"integrity": "sha512-wpc+LXeiyiisxPlEkUzU6svyS1frIO3Mgxj1fdy7Pm8Ygzguax2N3Fa/D/ag1WqbOprdI+uY6wMUl8/a2G+iag==",
			"engines": {
				"node": "^12.22.0 || ^14.17.0 || >=16.0.0"
			},
			"funding": {
				"url": "https://opencollective.com/eslint"
			}
		},
		"node_modules/espree": {
			"version": "9.6.1",
			"resolved": "https://registry.npmjs.org/espree/-/espree-9.6.1.tgz",
			"integrity": "sha512-oruZaFkjorTpF32kDSI5/75ViwGeZginGGy2NoOSg3Q9bnwlnmDm4HLnkl0RE3n+njDXR037aY1+x58Z/zFdwQ==",
			"dependencies": {
				"acorn": "^8.9.0",
				"acorn-jsx": "^5.3.2",
				"eslint-visitor-keys": "^3.4.1"
			},
			"engines": {
				"node": "^12.22.0 || ^14.17.0 || >=16.0.0"
			},
			"funding": {
				"url": "https://opencollective.com/eslint"
			}
		},
		"node_modules/estraverse": {
			"version": "5.3.0",
			"resolved": "https://registry.npmjs.org/estraverse/-/estraverse-5.3.0.tgz",
			"integrity": "sha512-MMdARuVEQziNTeJD8DgMqmhwR11BRQ/cBP+pLtYdSTnf3MIO8fFeiINEbX36ZdNlfU/7A9f3gUw49B3oQsvwBA==",
			"engines": {
				"node": ">=4.0"
			}
		},
		"node_modules/undici-types": {
			"version": "5.26.5",
			"resolved": "https://registry.npmjs.org/undici-types/-/undici-types-5.26.5.tgz",
			"integrity": "sha512-JlCMO+ehdEIKqlFxk6IfVoAUVmgz7cU7zD/h9XZ0qzeosSHmUJVOzSQvvYSYWXkFXC+IfLKSIffhv0sVZup6pA=="
		}
	}
}
